
Microsoft Visual Studio Solution File, Format Version 12.00
# Visual Studio Version 16
VisualStudioVersion = 16.0.30804.86
MinimumVisualStudioVersion = 15.0.26124.0
Project("{9A19103F-16F7-4668-BE54-9A1E7A4F7556}") = "OpenGraphLite", "OpenGraphLite\OpenGraphLite.csproj", "{B75ED3F2-0042-4CEE-BCB6-E6D70F94264F}"
EndProject
Project("{9A19103F-16F7-4668-BE54-9A1E7A4F7556}") = "OpenGraphLite.Tests", "OpenGraphLite.Tests\OpenGraphLite.Tests.csproj", "{97747C5F-AF4C-42C1-AF04-32234843DB64}"
EndProject
Global
	GlobalSection(SolutionConfigurationPlatforms) = preSolution
		Debug|Any CPU = Debug|Any CPU
		Debug|x64 = Debug|x64
		Debug|x86 = Debug|x86
		Release|Any CPU = Release|Any CPU
		Release|x64 = Release|x64
		Release|x86 = Release|x86
	EndGlobalSection
	GlobalSection(ProjectConfigurationPlatforms) = postSolution
		{B75ED3F2-0042-4CEE-BCB6-E6D70F94264F}.Debug|Any CPU.ActiveCfg = Debug|Any CPU
		{B75ED3F2-0042-4CEE-BCB6-E6D70F94264F}.Debug|Any CPU.Build.0 = Debug|Any CPU
		{B75ED3F2-0042-4CEE-BCB6-E6D70F94264F}.Debug|x64.ActiveCfg = Debug|Any CPU
		{B75ED3F2-0042-4CEE-BCB6-E6D70F94264F}.Debug|x64.Build.0 = Debug|Any CPU
		{B75ED3F2-0042-4CEE-BCB6-E6D70F94264F}.Debug|x86.ActiveCfg = Debug|Any CPU
		{B75ED3F2-0042-4CEE-BCB6-E6D70F94264F}.Debug|x86.Build.0 = Debug|Any CPU
		{B75ED3F2-0042-4CEE-BCB6-E6D70F94264F}.Release|Any CPU.ActiveCfg = Release|Any CPU
		{B75ED3F2-0042-4CEE-BCB6-E6D70F94264F}.Release|Any CPU.Build.0 = Release|Any CPU
		{B75ED3F2-0042-4CEE-BCB6-E6D70F94264F}.Release|x64.ActiveCfg = Release|Any CPU
		{B75ED3F2-0042-4CEE-BCB6-E6D70F94264F}.Release|x64.Build.0 = Release|Any CPU
		{B75ED3F2-0042-4CEE-BCB6-E6D70F94264F}.Release|x86.ActiveCfg = Release|Any CPU
		{B75ED3F2-0042-4CEE-BCB6-E6D70F94264F}.Release|x86.Build.0 = Release|Any CPU
		{97747C5F-AF4C-42C1-AF04-32234843DB64}.Debug|Any CPU.ActiveCfg = Debug|Any CPU
		{97747C5F-AF4C-42C1-AF04-32234843DB64}.Debug|Any CPU.Build.0 = Debug|Any CPU
		{97747C5F-AF4C-42C1-AF04-32234843DB64}.Debug|x64.ActiveCfg = Debug|Any CPU
		{97747C5F-AF4C-42C1-AF04-32234843DB64}.Debug|x64.Build.0 = Debug|Any CPU
		{97747C5F-AF4C-42C1-AF04-32234843DB64}.Debug|x86.ActiveCfg = Debug|Any CPU
		{97747C5F-AF4C-42C1-AF04-32234843DB64}.Debug|x86.Build.0 = Debug|Any CPU
		{97747C5F-AF4C-42C1-AF04-32234843DB64}.Release|Any CPU.ActiveCfg = Release|Any CPU
		{97747C5F-AF4C-42C1-AF04-32234843DB64}.Release|Any CPU.Build.0 = Release|Any CPU
		{97747C5F-AF4C-42C1-AF04-32234843DB64}.Release|x64.ActiveCfg = Release|Any CPU
		{97747C5F-AF4C-42C1-AF04-32234843DB64}.Release|x64.Build.0 = Release|Any CPU
		{97747C5F-AF4C-42C1-AF04-32234843DB64}.Release|x86.ActiveCfg = Release|Any CPU
		{97747C5F-AF4C-42C1-AF04-32234843DB64}.Release|x86.Build.0 = Release|Any CPU
	EndGlobalSection
	GlobalSection(SolutionProperties) = preSolution
		HideSolutionNode = FALSE
	EndGlobalSection
	GlobalSection(ExtensibilityGlobals) = postSolution
		SolutionGuid = {12727315-2466-4C1D-BDA5-20F1F624608E}
	EndGlobalSection
EndGlobal
